
Microsoft Visual Studio Solution File, Format Version 12.00
# Visual Studio Version 16
VisualStudioVersion = 16.0.30804.86
MinimumVisualStudioVersion = 10.0.40219.1
Project("{9A19103F-16F7-4668-BE54-9A1E7A4F7556}") = "ConsleUI", "ConsleUII\ConsleUI.csproj", "{6A07DD08-21D9-45DE-809C-79775FB27606}"
EndProject
Project("{9A19103F-16F7-4668-BE54-9A1E7A4F7556}") = "Core", "Core\Core.csproj", "{7345273C-6932-441D-B0E6-699478DEC3DF}"
EndProject
Project("{9A19103F-16F7-4668-BE54-9A1E7A4F7556}") = "Entities", "Entities\Entities.csproj", "{6E2E996D-F2D4-47C1-919D-2916B43B9091}"
EndProject
Project("{9A19103F-16F7-4668-BE54-9A1E7A4F7556}") = "DataAccess", "DataAccess\DataAccess.csproj", "{1A8B7CA9-5650-4938-ADEA-6B8B90954575}"
EndProject
Project("{9A19103F-16F7-4668-BE54-9A1E7A4F7556}") = "Business", "Business\Business.csproj", "{1EB4BF2E-C39B-46A5-9895-7DE3FAEF81A5}"
EndProject
Project("{9A19103F-16F7-4668-BE54-9A1E7A4F7556}") = "WebAPI", "WebAPI\WebAPI.csproj", "{03F9B8FC-8F6A-44FC-AFA1-713951663A69}"
EndProject
Global
	GlobalSection(SolutionConfigurationPlatforms) = preSolution
		Debug|Any CPU = Debug|Any CPU
		Release|Any CPU = Release|Any CPU
	EndGlobalSection
	GlobalSection(ProjectConfigurationPlatforms) = postSolution
		{6A07DD08-21D9-45DE-809C-79775FB27606}.Debug|Any CPU.ActiveCfg = Debug|Any CPU
		{6A07DD08-21D9-45DE-809C-79775FB27606}.Debug|Any CPU.Build.0 = Debug|Any CPU
		{6A07DD08-21D9-45DE-809C-79775FB27606}.Release|Any CPU.ActiveCfg = Release|Any CPU
		{6A07DD08-21D9-45DE-809C-79775FB27606}.Release|Any CPU.Build.0 = Release|Any CPU
		{7345273C-6932-441D-B0E6-699478DEC3DF}.Debug|Any CPU.ActiveCfg = Debug|Any CPU
		{7345273C-6932-441D-B0E6-699478DEC3DF}.Debug|Any CPU.Build.0 = Debug|Any CPU
		{7345273C-6932-441D-B0E6-699478DEC3DF}.Release|Any CPU.ActiveCfg = Release|Any CPU
		{7345273C-6932-441D-B0E6-699478DEC3DF}.Release|Any CPU.Build.0 = Release|Any CPU
		{6E2E996D-F2D4-47C1-919D-2916B43B9091}.Debug|Any CPU.ActiveCfg = Debug|Any CPU
		{6E2E996D-F2D4-47C1-919D-2916B43B9091}.Debug|Any CPU.Build.0 = Debug|Any CPU
		{6E2E996D-F2D4-47C1-919D-2916B43B9091}.Release|Any CPU.ActiveCfg = Release|Any CPU
		{6E2E996D-F2D4-47C1-919D-2916B43B9091}.Release|Any CPU.Build.0 = Release|Any CPU
		{1A8B7CA9-5650-4938-ADEA-6B8B90954575}.Debug|Any CPU.ActiveCfg = Debug|Any CPU
		{1A8B7CA9-5650-4938-ADEA-6B8B90954575}.Debug|Any CPU.Build.0 = Debug|Any CPU
		{1A8B7CA9-5650-4938-ADEA-6B8B90954575}.Release|Any CPU.ActiveCfg = Release|Any CPU
		{1A8B7CA9-5650-4938-ADEA-6B8B90954575}.Release|Any CPU.Build.0 = Release|Any CPU
		{1EB4BF2E-C39B-46A5-9895-7DE3FAEF81A5}.Debug|Any CPU.ActiveCfg = Debug|Any CPU
		{1EB4BF2E-C39B-46A5-9895-7DE3FAEF81A5}.Debug|Any CPU.Build.0 = Debug|Any CPU
		{1EB4BF2E-C39B-46A5-9895-7DE3FAEF81A5}.Release|Any CPU.ActiveCfg = Release|Any CPU
		{1EB4BF2E-C39B-46A5-9895-7DE3FAEF81A5}.Release|Any CPU.Build.0 = Release|Any CPU
		{03F9B8FC-8F6A-44FC-AFA1-713951663A69}.Debug|Any CPU.ActiveCfg = Debug|Any CPU
		{03F9B8FC-8F6A-44FC-AFA1-713951663A69}.Debug|Any CPU.Build.0 = Debug|Any CPU
		{03F9B8FC-8F6A-44FC-AFA1-713951663A69}.Release|Any CPU.ActiveCfg = Release|Any CPU
		{03F9B8FC-8F6A-44FC-AFA1-713951663A69}.Release|Any CPU.Build.0 = Release|Any CPU
	EndGlobalSection
	GlobalSection(SolutionProperties) = preSolution
		HideSolutionNode = FALSE
	EndGlobalSection
	GlobalSection(ExtensibilityGlobals) = postSolution
		SolutionGuid = {D38A4E96-9BA6-4D03-BE21-5BB2B8907053}
	EndGlobalSection
EndGlobal
